
Microsoft Visual Studio Solution File, Format Version 12.00
# Visual Studio Version 17
VisualStudioVersion = 17.5.002.0
MinimumVisualStudioVersion = 10.0.40219.1
Project("{9A19103F-16F7-4668-BE54-9A1E7A4F7556}") = "BYPASS C#", "BYPASS C#.csproj", "{533C3DDD-AF55-4209-9591-70B83A32DBA6}"
EndProject
Global
	GlobalSection(SolutionConfigurationPlatforms) = preSolution
		Debug|Any CPU = Debug|Any CPU
		Release|Any CPU = Release|Any CPU
	EndGlobalSection
	GlobalSection(ProjectConfigurationPlatforms) = postSolution
		{533C3DDD-AF55-4209-9591-70B83A32DBA6}.Debug|Any CPU.ActiveCfg = Debug|Any CPU
		{533C3DDD-AF55-4209-9591-70B83A32DBA6}.Debug|Any CPU.Build.0 = Debug|Any CPU
		{533C3DDD-AF55-4209-9591-70B83A32DBA6}.Release|Any CPU.ActiveCfg = Release|Any CPU
		{533C3DDD-AF55-4209-9591-70B83A32DBA6}.Release|Any CPU.Build.0 = Release|Any CPU
	EndGlobalSection
	GlobalSection(SolutionProperties) = preSolution
		HideSolutionNode = FALSE
	EndGlobalSection
	GlobalSection(ExtensibilityGlobals) = postSolution
		SolutionGuid = {173B41B8-5839-443A-A8F0-9CA1CE6FBF06}
	EndGlobalSection
EndGlobal
